// !$*UTF8*$!
{
	archiveVersion = 1;
	classes = {
	};
	objectVersion = 50;
	objects = {

/* Begin PBXBuildFile section */
		73105DC7226E730E005368DF /* Vote.swift in Sources */ = {isa = PBXBuildFile; fileRef = 73105DC6226E730E005368DF /* Vote.swift */; };
		73105DC9226E7355005368DF /* VoteController.swift in Sources */ = {isa = PBXBuildFile; fileRef = 73105DC8226E7355005368DF /* VoteController.swift */; };
		73105DCB226E74B5005368DF /* Voting.storyboard in Resources */ = {isa = PBXBuildFile; fileRef = 73105DCA226E74B5005368DF /* Voting.storyboard */; };
		73105DCD226E7598005368DF /* VotingViewController.swift in Sources */ = {isa = PBXBuildFile; fileRef = 73105DCC226E7598005368DF /* VotingViewController.swift */; };
		73105DCF226E75F4005368DF /* Results.storyboard in Resources */ = {isa = PBXBuildFile; fileRef = 73105DCE226E75F4005368DF /* Results.storyboard */; };
		73105DD1226E763E005368DF /* ResultsTableViewController.swift in Sources */ = {isa = PBXBuildFile; fileRef = 73105DD0226E763E005368DF /* ResultsTableViewController.swift */; };
		73105DD3226E764D005368DF /* Combined.storyboard in Resources */ = {isa = PBXBuildFile; fileRef = 73105DD2226E764D005368DF /* Combined.storyboard */; };
		73105DD5226E7785005368DF /* CombinedViewController.swift in Sources */ = {isa = PBXBuildFile; fileRef = 73105DD4226E7785005368DF /* CombinedViewController.swift */; };
		73230B52226E71AD00871CD7 /* AppDelegate.swift in Sources */ = {isa = PBXBuildFile; fileRef = 73230B51226E71AD00871CD7 /* AppDelegate.swift */; };
		73230B54226E71AD00871CD7 /* ViewController.swift in Sources */ = {isa = PBXBuildFile; fileRef = 73230B53226E71AD00871CD7 /* ViewController.swift */; };
		73230B57226E71AD00871CD7 /* Main.storyboard in Resources */ = {isa = PBXBuildFile; fileRef = 73230B55226E71AD00871CD7 /* Main.storyboard */; };
		73230B59226E71B000871CD7 /* Assets.xcassets in Resources */ = {isa = PBXBuildFile; fileRef = 73230B58226E71B000871CD7 /* Assets.xcassets */; };
		73230B5C226E71B000871CD7 /* LaunchScreen.storyboard in Resources */ = {isa = PBXBuildFile; fileRef = 73230B5A226E71B000871CD7 /* LaunchScreen.storyboard */; };
/* End PBXBuildFile section */

/* Begin PBXFileReference section */
		73105DC6226E730E005368DF /* Vote.swift */ = {isa = PBXFileReference; lastKnownFileType = sourcecode.swift; path = Vote.swift; sourceTree = "<group>"; };
		73105DC8226E7355005368DF /* VoteController.swift */ = {isa = PBXFileReference; lastKnownFileType = sourcecode.swift; path = VoteController.swift; sourceTree = "<group>"; };
		73105DCA226E74B5005368DF /* Voting.storyboard */ = {isa = PBXFileReference; lastKnownFileType = file.storyboard; path = Voting.storyboard; sourceTree = "<group>"; };
		73105DCC226E7598005368DF /* VotingViewController.swift */ = {isa = PBXFileReference; lastKnownFileType = sourcecode.swift; path = VotingViewController.swift; sourceTree = "<group>"; };
		73105DCE226E75F4005368DF /* Results.storyboard */ = {isa = PBXFileReference; lastKnownFileType = file.storyboard; path = Results.storyboard; sourceTree = "<group>"; };
		73105DD0226E763E005368DF /* ResultsTableViewController.swift */ = {isa = PBXFileReference; lastKnownFileType = sourcecode.swift; path = ResultsTableViewController.swift; sourceTree = "<group>"; };
		73105DD2226E764D005368DF /* Combined.storyboard */ = {isa = PBXFileReference; lastKnownFileType = file.storyboard; path = Combined.storyboard; sourceTree = "<group>"; };
		73105DD4226E7785005368DF /* CombinedViewController.swift */ = {isa = PBXFileReference; lastKnownFileType = sourcecode.swift; path = CombinedViewController.swift; sourceTree = "<group>"; };
		73230B4E226E71AD00871CD7 /* Poll.app */ = {isa = PBXFileReference; explicitFileType = wrapper.application; includeInIndex = 0; path = Poll.app; sourceTree = BUILT_PRODUCTS_DIR; };
		73230B51226E71AD00871CD7 /* AppDelegate.swift */ = {isa = PBXFileReference; lastKnownFileType = sourcecode.swift; path = AppDelegate.swift; sourceTree = "<group>"; };
		73230B53226E71AD00871CD7 /* ViewController.swift */ = {isa = PBXFileReference; lastKnownFileType = sourcecode.swift; path = ViewController.swift; sourceTree = "<group>"; };
		73230B56226E71AD00871CD7 /* Base */ = {isa = PBXFileReference; lastKnownFileType = file.storyboard; name = Base; path = Base.lproj/Main.storyboard; sourceTree = "<group>"; };
		73230B58226E71B000871CD7 /* Assets.xcassets */ = {isa = PBXFileReference; lastKnownFileType = folder.assetcatalog; path = Assets.xcassets; sourceTree = "<group>"; };
		73230B5B226E71B000871CD7 /* Base */ = {isa = PBXFileReference; lastKnownFileType = file.storyboard; name = Base; path = Base.lproj/LaunchScreen.storyboard; sourceTree = "<group>"; };
		73230B5D226E71B000871CD7 /* Info.plist */ = {isa = PBXFileReference; lastKnownFileType = text.plist.xml; path = Info.plist; sourceTree = "<group>"; };
/* End PBXFileReference section */

/* Begin PBXFrameworksBuildPhase section */
		73230B4B226E71AD00871CD7 /* Frameworks */ = {
			isa = PBXFrameworksBuildPhase;
			buildActionMask = 2147483647;
			files = (
			);
			runOnlyForDeploymentPostprocessing = 0;
		};
/* End PBXFrameworksBuildPhase section */

/* Begin PBXGroup section */
		73230B45226E71AD00871CD7 = {
			isa = PBXGroup;
			children = (
				73230B50226E71AD00871CD7 /* Poll */,
				73230B4F226E71AD00871CD7 /* Products */,
			);
			sourceTree = "<group>";
		};
		73230B4F226E71AD00871CD7 /* Products */ = {
			isa = PBXGroup;
			children = (
				73230B4E226E71AD00871CD7 /* Poll.app */,
			);
			name = Products;
			sourceTree = "<group>";
		};
		73230B50226E71AD00871CD7 /* Poll */ = {
			isa = PBXGroup;
			children = (
				73230B51226E71AD00871CD7 /* AppDelegate.swift */,
				73230B53226E71AD00871CD7 /* ViewController.swift */,
				73105DC8226E7355005368DF /* VoteController.swift */,
				73105DC6226E730E005368DF /* Vote.swift */,
				73230B55226E71AD00871CD7 /* Main.storyboard */,
				73105DCA226E74B5005368DF /* Voting.storyboard */,
				73105DCC226E7598005368DF /* VotingViewController.swift */,
				73105DCE226E75F4005368DF /* Results.storyboard */,
				73105DD0226E763E005368DF /* ResultsTableViewController.swift */,
				73105DD2226E764D005368DF /* Combined.storyboard */,
				73105DD4226E7785005368DF /* CombinedViewController.swift */,
				73230B58226E71B000871CD7 /* Assets.xcassets */,
				73230B5A226E71B000871CD7 /* LaunchScreen.storyboard */,
				73230B5D226E71B000871CD7 /* Info.plist */,
			);
			path = Poll;
			sourceTree = "<group>";
		};
/* End PBXGroup section */

/* Begin PBXNativeTarget section */
		73230B4D226E71AD00871CD7 /* Poll */ = {
			isa = PBXNativeTarget;
			buildConfigurationList = 73230B60226E71B000871CD7 /* Build configuration list for PBXNativeTarget "Poll" */;
			buildPhases = (
				73230B4A226E71AD00871CD7 /* Sources */,
				73230B4B226E71AD00871CD7 /* Frameworks */,
				73230B4C226E71AD00871CD7 /* Resources */,
			);
			buildRules = (
			);
			dependencies = (
			);
			name = Poll;
			productName = Poll;
			productReference = 73230B4E226E71AD00871CD7 /* Poll.app */;
			productType = "com.apple.product-type.application";
		};
/* End PBXNativeTarget section */

/* Begin PBXProject section */
		73230B46226E71AD00871CD7 /* Project object */ = {
			isa = PBXProject;
			attributes = {
				LastSwiftUpdateCheck = 1020;
				LastUpgradeCheck = 1020;
				ORGANIZATIONNAME = "Jeffrey Carpenter";
				TargetAttributes = {
					73230B4D226E71AD00871CD7 = {
						CreatedOnToolsVersion = 10.2.1;
					};
				};
			};
			buildConfigurationList = 73230B49226E71AD00871CD7 /* Build configuration list for PBXProject "Poll" */;
			compatibilityVersion = "Xcode 9.3";
			developmentRegion = en;
			hasScannedForEncodings = 0;
			knownRegions = (
				en,
				Base,
			);
			mainGroup = 73230B45226E71AD00871CD7;
			productRefGroup = 73230B4F226E71AD00871CD7 /* Products */;
			projectDirPath = "";
			projectRoot = "";
			targets = (
				73230B4D226E71AD00871CD7 /* Poll */,
			);
		};
/* End PBXProject section */

/* Begin PBXResourcesBuildPhase section */
		73230B4C226E71AD00871CD7 /* Resources */ = {
			isa = PBXResourcesBuildPhase;
			buildActionMask = 2147483647;
			files = (
				73230B5C226E71B000871CD7 /* LaunchScreen.storyboard in Resources */,
				73105DCF226E75F4005368DF /* Results.storyboard in Resources */,
				73230B59226E71B000871CD7 /* Assets.xcassets in Resources */,
				73230B57226E71AD00871CD7 /* Main.storyboard in Resources */,
				73105DCB226E74B5005368DF /* Voting.storyboard in Resources */,
				73105DD3226E764D005368DF /* Combined.storyboard in Resources */,
			);
			runOnlyForDeploymentPostprocessing = 0;
		};
/* End PBXResourcesBuildPhase section */

/* Begin PBXSourcesBuildPhase section */
		73230B4A226E71AD00871CD7 /* Sources */ = {
			isa = PBXSourcesBuildPhase;
			buildActionMask = 2147483647;
			files = (
				73105DD1226E763E005368DF /* ResultsTableViewController.swift in Sources */,
				73230B54226E71AD00871CD7 /* ViewController.swift in Sources */,
				73105DD5226E7785005368DF /* CombinedViewController.swift in Sources */,
				73105DC9226E7355005368DF /* VoteController.swift in Sources */,
				73105DC7226E730E005368DF /* Vote.swift in Sources */,
				73230B52226E71AD00871CD7 /* AppDelegate.swift in Sources */,
				73105DCD226E7598005368DF /* VotingViewController.swift in Sources */,
			);
			runOnlyForDeploymentPostprocessing = 0;
		};
/* End PBXSourcesBuildPhase section */

/* Begin PBXVariantGroup section */
		73230B55226E71AD00871CD7 /* Main.storyboard */ = {
			isa = PBXVariantGroup;
			children = (
				73230B56226E71AD00871CD7 /* Base */,
			);
			name = Main.storyboard;
			sourceTree = "<group>";
		};
		73230B5A226E71B000871CD7 /* LaunchScreen.storyboard */ = {
			isa = PBXVariantGroup;
			children = (
				73230B5B226E71B000871CD7 /* Base */,
			);
			name = LaunchScreen.storyboard;
			sourceTree = "<group>";
		};
/* End PBXVariantGroup section */

/* Begin XCBuildConfiguration section */
		73230B5E226E71B000871CD7 /* Debug */ = {
			isa = XCBuildConfiguration;
			buildSettings = {
				ALWAYS_SEARCH_USER_PATHS = NO;
				CLANG_ANALYZER_NONNULL = YES;
				CLANG_ANALYZER_NUMBER_OBJECT_CONVERSION = YES_AGGRESSIVE;
				CLANG_CXX_LANGUAGE_STANDARD = "gnu++14";
				CLANG_CXX_LIBRARY = "libc++";
				CLANG_ENABLE_MODULES = YES;
				CLANG_ENABLE_OBJC_ARC = YES;
				CLANG_ENABLE_OBJC_WEAK = YES;
				CLANG_WARN_BLOCK_CAPTURE_AUTORELEASING = YES;
				CLANG_WARN_BOOL_CONVERSION = YES;
				CLANG_WARN_COMMA = YES;
				CLANG_WARN_CONSTANT_CONVERSION = YES;
				CLANG_WARN_DEPRECATED_OBJC_IMPLEMENTATIONS = YES;
				CLANG_WARN_DIRECT_OBJC_ISA_USAGE = YES_ERROR;
				CLANG_WARN_DOCUMENTATION_COMMENTS = YES;
				CLANG_WARN_EMPTY_BODY = YES;
				CLANG_WARN_ENUM_CONVERSION = YES;
				CLANG_WARN_INFINITE_RECURSION = YES;
				CLANG_WARN_INT_CONVERSION = YES;
				CLANG_WARN_NON_LITERAL_NULL_CONVERSION = YES;
				CLANG_WARN_OBJC_IMPLICIT_RETAIN_SELF = YES;
				CLANG_WARN_OBJC_LITERAL_CONVERSION = YES;
				CLANG_WARN_OBJC_ROOT_CLASS = YES_ERROR;
				CLANG_WARN_RANGE_LOOP_ANALYSIS = YES;
				CLANG_WARN_STRICT_PROTOTYPES = YES;
				CLANG_WARN_SUSPICIOUS_MOVE = YES;
				CLANG_WARN_UNGUARDED_AVAILABILITY = YES_AGGRESSIVE;
				CLANG_WARN_UNREACHABLE_CODE = YES;
				CLANG_WARN__DUPLICATE_METHOD_MATCH = YES;
				CODE_SIGN_IDENTITY = "iPhone Developer";
				COPY_PHASE_STRIP = NO;
				DEBUG_INFORMATION_FORMAT = dwarf;
				ENABLE_STRICT_OBJC_MSGSEND = YES;
				ENABLE_TESTABILITY = YES;
				GCC_C_LANGUAGE_STANDARD = gnu11;
				GCC_DYNAMIC_NO_PIC = NO;
				GCC_NO_COMMON_BLOCKS = YES;
				GCC_OPTIMIZATION_LEVEL = 0;
				GCC_PREPROCESSOR_DEFINITIONS = (
					"DEBUG=1",
					"$(inherited)",
				);
				GCC_WARN_64_TO_32_BIT_CONVERSION = YES;
				GCC_WARN_ABOUT_RETURN_TYPE = YES_ERROR;
				GCC_WARN_UNDECLARED_SELECTOR = YES;
				GCC_WARN_UNINITIALIZED_AUTOS = YES_AGGRESSIVE;
				GCC_WARN_UNUSED_FUNCTION = YES;
				GCC_WARN_UNUSED_VARIABLE = YES;
				IPHONEOS_DEPLOYMENT_TARGET = 12.2;
				MTL_ENABLE_DEBUG_INFO = INCLUDE_SOURCE;
				MTL_FAST_MATH = YES;
				ONLY_ACTIVE_ARCH = YES;
				SDKROOT = iphoneos;
				SWIFT_ACTIVE_COMPILATION_CONDITIONS = DEBUG;
				SWIFT_OPTIMIZATION_LEVEL = "-Onone";
			};
			name = Debug;
		};
		73230B5F226E71B000871CD7 /* Release */ = {
			isa = XCBuildConfiguration;
			buildSettings = {
				ALWAYS_SEARCH_USER_PATHS = NO;
				CLANG_ANALYZER_NONNULL = YES;
				CLANG_ANALYZER_NUMBER_OBJECT_CONVERSION = YES_AGGRESSIVE;
				CLANG_CXX_LANGUAGE_STANDARD = "gnu++14";
				CLANG_CXX_LIBRARY = "libc++";
				CLANG_ENABLE_MODULES = YES;
				CLANG_ENABLE_OBJC_ARC = YES;
				CLANG_ENABLE_OBJC_WEAK = YES;
				CLANG_WARN_BLOCK_CAPTURE_AUTORELEASING = YES;
				CLANG_WARN_BOOL_CONVERSION = YES;
				CLANG_WARN_COMMA = YES;
				CLANG_WARN_CONSTANT_CONVERSION = YES;
				CLANG_WARN_DEPRECATED_OBJC_IMPLEMENTATIONS = YES;
				CLANG_WARN_DIRECT_OBJC_ISA_USAGE = YES_ERROR;
				CLANG_WARN_DOCUMENTATION_COMMENTS = YES;
				CLANG_WARN_EMPTY_BODY = YES;
				CLANG_WARN_ENUM_CONVERSION = YES;
				CLANG_WARN_INFINITE_RECURSION = YES;
				CLANG_WARN_INT_CONVERSION = YES;
				CLANG_WARN_NON_LITERAL_NULL_CONVERSION = YES;
				CLANG_WARN_OBJC_IMPLICIT_RETAIN_SELF = YES;
				CLANG_WARN_OBJC_LITERAL_CONVERSION = YES;
				CLANG_WARN_OBJC_ROOT_CLASS = YES_ERROR;
				CLANG_WARN_RANGE_LOOP_ANALYSIS = YES;
				CLANG_WARN_STRICT_PROTOTYPES = YES;
				CLANG_WARN_SUSPICIOUS_MOVE = YES;
				CLANG_WARN_UNGUARDED_AVAILABILITY = YES_AGGRESSIVE;
				CLANG_WARN_UNREACHABLE_CODE = YES;
				CLANG_WARN__DUPLICATE_METHOD_MATCH = YES;
				CODE_SIGN_IDENTITY = "iPhone Developer";
				COPY_PHASE_STRIP = NO;
				DEBUG_INFORMATION_FORMAT = "dwarf-with-dsym";
				ENABLE_NS_ASSERTIONS = NO;
				ENABLE_STRICT_OBJC_MSGSEND = YES;
				GCC_C_LANGUAGE_STANDARD = gnu11;
				GCC_NO_COMMON_BLOCKS = YES;
				GCC_WARN_64_TO_32_BIT_CONVERSION = YES;
				GCC_WARN_ABOUT_RETURN_TYPE = YES_ERROR;
				GCC_WARN_UNDECLARED_SELECTOR = YES;
				GCC_WARN_UNINITIALIZED_AUTOS = YES_AGGRESSIVE;
				GCC_WARN_UNUSED_FUNCTION = YES;
				GCC_WARN_UNUSED_VARIABLE = YES;
				IPHONEOS_DEPLOYMENT_TARGET = 12.2;
				MTL_ENABLE_DEBUG_INFO = NO;
				MTL_FAST_MATH = YES;
				SDKROOT = iphoneos;
				SWIFT_COMPILATION_MODE = wholemodule;
				SWIFT_OPTIMIZATION_LEVEL = "-O";
				VALIDATE_PRODUCT = YES;
			};
			name = Release;
		};
		73230B61226E71B000871CD7 /* Debug */ = {
			isa = XCBuildConfiguration;
			buildSettings = {
				ASSETCATALOG_COMPILER_APPICON_NAME = AppIcon;
				CODE_SIGN_STYLE = Automatic;
				DEVELOPMENT_TEAM = FLG5V9VL97;
				INFOPLIST_FILE = Poll/Info.plist;
				LD_RUNPATH_SEARCH_PATHS = (
					"$(inherited)",
					"@executable_path/Frameworks",
				);
				PRODUCT_BUNDLE_IDENTIFIER = me.uvolabs.Poll;
				PRODUCT_NAME = "$(TARGET_NAME)";
				SWIFT_VERSION = 5.0;
				TARGETED_DEVICE_FAMILY = "1,2";
			};
			name = Debug;
		};
		73230B62226E71B000871CD7 /* Release */ = {
			isa = XCBuildConfiguration;
			buildSettings = {
				ASSETCATALOG_COMPILER_APPICON_NAME = AppIcon;
				CODE_SIGN_STYLE = Automatic;
				DEVELOPMENT_TEAM = FLG5V9VL97;
				INFOPLIST_FILE = Poll/Info.plist;
				LD_RUNPATH_SEARCH_PATHS = (
					"$(inherited)",
					"@executable_path/Frameworks",
				);
				PRODUCT_BUNDLE_IDENTIFIER = me.uvolabs.Poll;
				PRODUCT_NAME = "$(TARGET_NAME)";
				SWIFT_VERSION = 5.0;
				TARGETED_DEVICE_FAMILY = "1,2";
			};
			name = Release;
		};
/* End XCBuildConfiguration section */

/* Begin XCConfigurationList section */
		73230B49226E71AD00871CD7 /* Build configuration list for PBXProject "Poll" */ = {
			isa = XCConfigurationList;
			buildConfigurations = (
				73230B5E226E71B000871CD7 /* Debug */,
				73230B5F226E71B000871CD7 /* Release */,
			);
			defaultConfigurationIsVisible = 0;
			defaultConfigurationName = Release;
		};
		73230B60226E71B000871CD7 /* Build configuration list for PBXNativeTarget "Poll" */ = {
			isa = XCConfigurationList;
			buildConfigurations = (
				73230B61226E71B000871CD7 /* Debug */,
				73230B62226E71B000871CD7 /* Release */,
			);
			defaultConfigurationIsVisible = 0;
			defaultConfigurationName = Release;
		};
/* End XCConfigurationList section */
	};
	rootObject = 73230B46226E71AD00871CD7 /* Project object */;
}
